
Microsoft Visual Studio Solution File, Format Version 12.00
# Visual Studio Version 17
VisualStudioVersion = 17.5.33516.290
MinimumVisualStudioVersion = 10.0.40219.1
Project("{9A19103F-16F7-4668-BE54-9A1E7A4F7556}") = "az204-blob", "az204-blob.csproj", "{611D947F-865E-4EB0-AB90-B3FFB47C20A2}"
EndProject
Global
	GlobalSection(SolutionConfigurationPlatforms) = preSolution
		Debug|Any CPU = Debug|Any CPU
		Release|Any CPU = Release|Any CPU
	EndGlobalSection
	GlobalSection(ProjectConfigurationPlatforms) = postSolution
		{611D947F-865E-4EB0-AB90-B3FFB47C20A2}.Debug|Any CPU.ActiveCfg = Debug|Any CPU
		{611D947F-865E-4EB0-AB90-B3FFB47C20A2}.Debug|Any CPU.Build.0 = Debug|Any CPU
		{611D947F-865E-4EB0-AB90-B3FFB47C20A2}.Release|Any CPU.ActiveCfg = Release|Any CPU
		{611D947F-865E-4EB0-AB90-B3FFB47C20A2}.Release|Any CPU.Build.0 = Release|Any CPU
	EndGlobalSection
	GlobalSection(SolutionProperties) = preSolution
		HideSolutionNode = FALSE
	EndGlobalSection
	GlobalSection(ExtensibilityGlobals) = postSolution
		SolutionGuid = {D33F1753-34F4-40AE-8F9D-69C0C9C3C694}
	EndGlobalSection
EndGlobal
